
Microsoft Visual Studio Solution File, Format Version 12.00
# Visual Studio Version 17
VisualStudioVersion = 17.7.34024.191
MinimumVisualStudioVersion = 10.0.40219.1
Project("{FAE04EC0-301F-11D3-BF4B-00C04F79EFBC}") = "Ishita 2ConsoleApp1", "Ishita 2ConsoleApp1\Ishita 2ConsoleApp1.csproj", "{3E35D57A-72A7-43C4-867B-C260BD186AB7}"
EndProject
Global
	GlobalSection(SolutionConfigurationPlatforms) = preSolution
		Debug|Any CPU = Debug|Any CPU
		Release|Any CPU = Release|Any CPU
	EndGlobalSection
	GlobalSection(ProjectConfigurationPlatforms) = postSolution
		{3E35D57A-72A7-43C4-867B-C260BD186AB7}.Debug|Any CPU.ActiveCfg = Debug|Any CPU
		{3E35D57A-72A7-43C4-867B-C260BD186AB7}.Debug|Any CPU.Build.0 = Debug|Any CPU
		{3E35D57A-72A7-43C4-867B-C260BD186AB7}.Release|Any CPU.ActiveCfg = Release|Any CPU
		{3E35D57A-72A7-43C4-867B-C260BD186AB7}.Release|Any CPU.Build.0 = Release|Any CPU
	EndGlobalSection
	GlobalSection(SolutionProperties) = preSolution
		HideSolutionNode = FALSE
	EndGlobalSection
	GlobalSection(ExtensibilityGlobals) = postSolution
		SolutionGuid = {53942582-A97E-467F-B842-5C173580EB98}
	EndGlobalSection
EndGlobal
